
Microsoft Visual Studio Solution File, Format Version 12.00
# Visual Studio Version 16
VisualStudioVersion = 16.0.30804.86
MinimumVisualStudioVersion = 10.0.40219.1
Project("{FAE04EC0-301F-11D3-BF4B-00C04F79EFBC}") = "CodeZero", "CodeZero\CodeZero.csproj", "{FC160E8F-CE70-447E-85CE-A0C647D6B818}"
EndProject
Project("{FAE04EC0-301F-11D3-BF4B-00C04F79EFBC}") = "CodeZero.Extensions", "CodeZero.Extensions\CodeZero.Extensions.csproj", "{3B938BD6-84C5-4E04-8731-A75EE8986EA6}"
EndProject
Global
	GlobalSection(SolutionConfigurationPlatforms) = preSolution
		Debug|Any CPU = Debug|Any CPU
		Release|Any CPU = Release|Any CPU
	EndGlobalSection
	GlobalSection(ProjectConfigurationPlatforms) = postSolution
		{FC160E8F-CE70-447E-85CE-A0C647D6B818}.Debug|Any CPU.ActiveCfg = Debug|Any CPU
		{FC160E8F-CE70-447E-85CE-A0C647D6B818}.Debug|Any CPU.Build.0 = Debug|Any CPU
		{FC160E8F-CE70-447E-85CE-A0C647D6B818}.Release|Any CPU.ActiveCfg = Release|Any CPU
		{FC160E8F-CE70-447E-85CE-A0C647D6B818}.Release|Any CPU.Build.0 = Release|Any CPU
		{3B938BD6-84C5-4E04-8731-A75EE8986EA6}.Debug|Any CPU.ActiveCfg = Debug|Any CPU
		{3B938BD6-84C5-4E04-8731-A75EE8986EA6}.Debug|Any CPU.Build.0 = Debug|Any CPU
		{3B938BD6-84C5-4E04-8731-A75EE8986EA6}.Release|Any CPU.ActiveCfg = Release|Any CPU
		{3B938BD6-84C5-4E04-8731-A75EE8986EA6}.Release|Any CPU.Build.0 = Release|Any CPU
	EndGlobalSection
	GlobalSection(SolutionProperties) = preSolution
		HideSolutionNode = FALSE
	EndGlobalSection
	GlobalSection(ExtensibilityGlobals) = postSolution
		SolutionGuid = {0ACD5842-F4EC-444D-8FE9-1A3C4A369428}
	EndGlobalSection
EndGlobal
