
Microsoft Visual Studio Solution File, Format Version 12.00
# Visual Studio 15
VisualStudioVersion = 15.0.27703.2026
MinimumVisualStudioVersion = 10.0.40219.1
Project("{2150E333-8FDC-42A3-9474-1A3956D46DE8}") = "CodeZero NuGet Packages", "CodeZero NuGet Packages", "{1B385546-333A-45E8-AD99-802AE560ACD9}"
EndProject
Project("{2150E333-8FDC-42A3-9474-1A3956D46DE8}") = "CodeZero Shared Packages", "CodeZero Shared Packages", "{C2492805-B8C1-4D34-86EC-D6055C0B3366}"
EndProject
Project("{2150E333-8FDC-42A3-9474-1A3956D46DE8}") = "EntityFramework Packages", "EntityFramework Packages", "{969A60CF-A9F4-4BF1-BE11-5E5890141C83}"
EndProject
Project("{9A19103F-16F7-4668-BE54-9A1E7A4F7556}") = "CodeZero", "CodeZero\CodeZero.csproj", "{71D9173B-3D20-4151-9E85-4615D6801C9C}"
EndProject
Project("{FAE04EC0-301F-11D3-BF4B-00C04F79EFBC}") = "CodeZero.Identity.Common", "CodeZero.Identity.Common\CodeZero.Identity.Common.csproj", "{28F11A4F-257F-4CB8-947D-79B8E064F8BE}"
EndProject
Project("{FAE04EC0-301F-11D3-BF4B-00C04F79EFBC}") = "CodeZero.Identity.Ldap", "CodeZero.Identity.Ldap\CodeZero.Identity.Ldap.csproj", "{552BF9F5-1D24-4A88-A776-58A4231E0F0E}"
EndProject
Project("{FAE04EC0-301F-11D3-BF4B-00C04F79EFBC}") = "CodeZero.EntityFramework.Common", "CodeZero.EntityFramework.Common\CodeZero.EntityFramework.Common.csproj", "{51918FC2-87E7-4794-864B-6F8DF68071E1}"
EndProject
Project("{FAE04EC0-301F-11D3-BF4B-00C04F79EFBC}") = "CodeZero.EntityFramework", "CodeZero.EntityFramework\CodeZero.EntityFramework.csproj", "{5B5AC731-5DF2-49D5-BF0A-38DAA44E9878}"
EndProject
Project("{FAE04EC0-301F-11D3-BF4B-00C04F79EFBC}") = "CodeZero.EntityFramework.GraphDiff", "CodeZero.EntityFramework.GraphDiff\CodeZero.EntityFramework.GraphDiff.csproj", "{10ADB48B-E698-4E8C-BF31-9F5257445B86}"
EndProject
Project("{FAE04EC0-301F-11D3-BF4B-00C04F79EFBC}") = "CodeZero.EntityFrameworkCore", "CodeZero.EntityFrameworkCore\CodeZero.EntityFrameworkCore.csproj", "{612D326C-B9E5-4137-B2E2-AC78C3023D43}"
EndProject
Project("{FAE04EC0-301F-11D3-BF4B-00C04F79EFBC}") = "CodeZero.Web.Common", "CodeZero.Web.Common\CodeZero.Web.Common.csproj", "{ADB07A7B-54A7-485E-9897-133CB6DC4DC7}"
EndProject
Project("{FAE04EC0-301F-11D3-BF4B-00C04F79EFBC}") = "CodeZero.AspNetCore", "CodeZero.AspNetCore\CodeZero.AspNetCore.csproj", "{2AFF21AE-4927-4623-A408-C1A29051FEAE}"
EndProject
Project("{FAE04EC0-301F-11D3-BF4B-00C04F79EFBC}") = "CodeZero.AspNetCore.OData", "CodeZero.AspNetCore.OData\CodeZero.AspNetCore.OData.csproj", "{81D79462-500C-4BF2-A279-BF5C4C4DF188}"
EndProject
Project("{FAE04EC0-301F-11D3-BF4B-00C04F79EFBC}") = "CodeZero.AspNetCore.SignalR", "CodeZero.AspNetCore.SignalR\CodeZero.AspNetCore.SignalR.csproj", "{EB882704-2D6E-4064-B657-081631A913B4}"
EndProject
Project("{FAE04EC0-301F-11D3-BF4B-00C04F79EFBC}") = "CodeZero.AutoMapper", "CodeZero.AutoMapper\CodeZero.AutoMapper.csproj", "{DF66CC3A-4533-46AC-83B4-8843D2BDE67C}"
EndProject
Project("{FAE04EC0-301F-11D3-BF4B-00C04F79EFBC}") = "CodeZero.Castle.Log4Net", "CodeZero.Castle.Log4Net\CodeZero.Castle.Log4Net.csproj", "{9E0512CC-11DD-48C2-8905-DD5FA4309F50}"
EndProject
Project("{FAE04EC0-301F-11D3-BF4B-00C04F79EFBC}") = "CodeZero.Castle.NLog", "CodeZero.Castle.NLog\CodeZero.Castle.NLog.csproj", "{4E9CB3E3-7EB3-4769-A7B6-06F92AEC8673}"
EndProject
Project("{FAE04EC0-301F-11D3-BF4B-00C04F79EFBC}") = "CodeZero.FluentMigrator", "CodeZero.FluentMigrator\CodeZero.FluentMigrator.csproj", "{75A3215B-B6D3-4F88-9CCD-59E2C03C648D}"
EndProject
Project("{FAE04EC0-301F-11D3-BF4B-00C04F79EFBC}") = "CodeZero.HangFire", "CodeZero.HangFire\CodeZero.HangFire.csproj", "{49E439D3-089F-42CA-8136-46816FCF154F}"
EndProject
Project("{FAE04EC0-301F-11D3-BF4B-00C04F79EFBC}") = "CodeZero.HangFire.AspNetCore", "CodeZero.HangFire.AspNetCore\CodeZero.HangFire.AspNetCore.csproj", "{E6C17E9F-49C1-4A88-9D99-674C8A07AE5E}"
EndProject
Project("{FAE04EC0-301F-11D3-BF4B-00C04F79EFBC}") = "CodeZero.MailKit", "CodeZero.MailKit\CodeZero.MailKit.csproj", "{9660114B-3F21-4937-A694-1ACE7B35E2D9}"
EndProject
Project("{FAE04EC0-301F-11D3-BF4B-00C04F79EFBC}") = "CodeZero.MemoryDb", "CodeZero.MemoryDb\CodeZero.MemoryDb.csproj", "{ADB37007-E88C-48CD-89A9-D4D22ED72BF5}"
EndProject
Project("{FAE04EC0-301F-11D3-BF4B-00C04F79EFBC}") = "CodeZero.RedisCache", "CodeZero.RedisCache\CodeZero.RedisCache.csproj", "{D0F23CB8-01FD-4A47-92B5-8B27BBC41C5D}"
EndProject
Project("{FAE04EC0-301F-11D3-BF4B-00C04F79EFBC}") = "CodeZero.RedisCache.ProtoBuf", "CodeZero.RedisCache.ProtoBuf\CodeZero.RedisCache.ProtoBuf.csproj", "{9C297C23-4227-43C8-A95B-947CCDC520DA}"
EndProject
Project("{FAE04EC0-301F-11D3-BF4B-00C04F79EFBC}") = "CodeZero.Owin", "CodeZero.Owin\CodeZero.Owin.csproj", "{8697A19E-AFC6-4502-AD44-67538253CC0C}"
EndProject
Project("{FAE04EC0-301F-11D3-BF4B-00C04F79EFBC}") = "CodeZero.Quartz", "CodeZero.Quartz\CodeZero.Quartz.csproj", "{A01500F7-22D3-4216-92EC-DEA88BCEE7A9}"
EndProject
Project("{FAE04EC0-301F-11D3-BF4B-00C04F79EFBC}") = "CodeZero.Web", "CodeZero.Web\CodeZero.Web.csproj", "{23DE42E0-CDFE-46CC-831E-5D5D4DC8C7A3}"
EndProject
Project("{FAE04EC0-301F-11D3-BF4B-00C04F79EFBC}") = "CodeZero.Web.Mvc", "CodeZero.Web.Mvc\CodeZero.Web.Mvc.csproj", "{A02D59A2-0151-4E57-8461-728407DD6F3C}"
EndProject
Project("{FAE04EC0-301F-11D3-BF4B-00C04F79EFBC}") = "CodeZero.Web.Api", "CodeZero.Web.Api\CodeZero.Web.Api.csproj", "{AF1AA1D4-EC0D-4BE7-84AF-0D9122709248}"
EndProject
Project("{FAE04EC0-301F-11D3-BF4B-00C04F79EFBC}") = "CodeZero.Web.Api.OData", "CodeZero.Web.Api.OData\CodeZero.Web.Api.OData.csproj", "{36B4DA24-0FB7-453A-A35C-1EDD853129AE}"
EndProject
Project("{FAE04EC0-301F-11D3-BF4B-00C04F79EFBC}") = "CodeZero.Web.Resources", "CodeZero.Web.Resources\CodeZero.Web.Resources.csproj", "{6D49A943-FB1C-4EF6-8EE3-252B8FDB7E8D}"
EndProject
Project("{FAE04EC0-301F-11D3-BF4B-00C04F79EFBC}") = "CodeZero.Web.SignalR", "CodeZero.Web.SignalR\CodeZero.Web.SignalR.csproj", "{D3ECDEE0-8B04-4FCE-9A80-ECDB013316D2}"
EndProject
Project("{2150E333-8FDC-42A3-9474-1A3956D46DE8}") = "ASP.NET Identity Packages", "ASP.NET Identity Packages", "{469AF820-9078-4A72-A29A-74041CC424B8}"
EndProject
Project("{2150E333-8FDC-42A3-9474-1A3956D46DE8}") = "ASP.NET Core Identity Packages", "ASP.NET Core Identity Packages", "{B746B040-C215-4D4F-BDC9-C302182AF842}"
EndProject
Project("{FAE04EC0-301F-11D3-BF4B-00C04F79EFBC}") = "CodeZero.Identity", "CodeZero.Identity\CodeZero.Identity.csproj", "{F8E6A240-0663-47BA-B9D2-B788DFF1740F}"
EndProject
Project("{FAE04EC0-301F-11D3-BF4B-00C04F79EFBC}") = "CodeZero.Identity.Owin", "CodeZero.Identity.Owin\CodeZero.Identity.Owin.csproj", "{20B256D8-7E72-411C-A2E9-CB782B3F896F}"
EndProject
Project("{FAE04EC0-301F-11D3-BF4B-00C04F79EFBC}") = "CodeZero.Identity.AspNetCore", "CodeZero.Identity.AspNetCore\CodeZero.Identity.AspNetCore.csproj", "{1EBA2BDE-2F46-4C13-AE25-565600BC2CC1}"
EndProject
Project("{FAE04EC0-301F-11D3-BF4B-00C04F79EFBC}") = "CodeZero.Identity.EntityFramework", "CodeZero.Identity.EntityFramework\CodeZero.Identity.EntityFramework.csproj", "{CE13D7C0-09EF-47DE-9D7A-2216706A6300}"
EndProject
Project("{FAE04EC0-301F-11D3-BF4B-00C04F79EFBC}") = "CodeZero.IdentityCore", "CodeZero.IdentityCore\CodeZero.IdentityCore.csproj", "{FCEB5BA8-E279-4004-87D3-CD7EFAFA3989}"
EndProject
Project("{FAE04EC0-301F-11D3-BF4B-00C04F79EFBC}") = "CodeZero.IdentityCore.EntityFrameworkCore", "CodeZero.IdentityCore.EntityFrameworkCore\CodeZero.IdentityCore.EntityFrameworkCore.csproj", "{BDA952E4-A621-415A-B48E-E0F8C0061A5D}"
EndProject
Project("{FAE04EC0-301F-11D3-BF4B-00C04F79EFBC}") = "CodeZero.IdentityCore.IdentityServer4", "CodeZero.IdentityCore.IdentityServer4\CodeZero.IdentityCore.IdentityServer4.csproj", "{0C7E50B5-50BA-47E5-8CE8-A5BA6DBE1C3F}"
EndProject
Project("{FAE04EC0-301F-11D3-BF4B-00C04F79EFBC}") = "CodeZero.IdentityCore.IdentityServer4.EFCore", "CodeZero.IdentityCore.IdentityServer4.EFCore\CodeZero.IdentityCore.IdentityServer4.EFCore.csproj", "{26D641EB-9D3A-42A6-9947-2339CC1F650A}"
EndProject
Global
	GlobalSection(SolutionConfigurationPlatforms) = preSolution
		Debug|Any CPU = Debug|Any CPU
		Release|Any CPU = Release|Any CPU
	EndGlobalSection
	GlobalSection(ProjectConfigurationPlatforms) = postSolution
		{71D9173B-3D20-4151-9E85-4615D6801C9C}.Debug|Any CPU.ActiveCfg = Debug|Any CPU
		{71D9173B-3D20-4151-9E85-4615D6801C9C}.Debug|Any CPU.Build.0 = Debug|Any CPU
		{71D9173B-3D20-4151-9E85-4615D6801C9C}.Release|Any CPU.ActiveCfg = Release|Any CPU
		{71D9173B-3D20-4151-9E85-4615D6801C9C}.Release|Any CPU.Build.0 = Release|Any CPU
		{28F11A4F-257F-4CB8-947D-79B8E064F8BE}.Debug|Any CPU.ActiveCfg = Debug|Any CPU
		{28F11A4F-257F-4CB8-947D-79B8E064F8BE}.Debug|Any CPU.Build.0 = Debug|Any CPU
		{28F11A4F-257F-4CB8-947D-79B8E064F8BE}.Release|Any CPU.ActiveCfg = Release|Any CPU
		{28F11A4F-257F-4CB8-947D-79B8E064F8BE}.Release|Any CPU.Build.0 = Release|Any CPU
		{552BF9F5-1D24-4A88-A776-58A4231E0F0E}.Debug|Any CPU.ActiveCfg = Debug|Any CPU
		{552BF9F5-1D24-4A88-A776-58A4231E0F0E}.Debug|Any CPU.Build.0 = Debug|Any CPU
		{552BF9F5-1D24-4A88-A776-58A4231E0F0E}.Release|Any CPU.ActiveCfg = Release|Any CPU
		{552BF9F5-1D24-4A88-A776-58A4231E0F0E}.Release|Any CPU.Build.0 = Release|Any CPU
		{51918FC2-87E7-4794-864B-6F8DF68071E1}.Debug|Any CPU.ActiveCfg = Debug|Any CPU
		{51918FC2-87E7-4794-864B-6F8DF68071E1}.Debug|Any CPU.Build.0 = Debug|Any CPU
		{51918FC2-87E7-4794-864B-6F8DF68071E1}.Release|Any CPU.ActiveCfg = Release|Any CPU
		{51918FC2-87E7-4794-864B-6F8DF68071E1}.Release|Any CPU.Build.0 = Release|Any CPU
		{5B5AC731-5DF2-49D5-BF0A-38DAA44E9878}.Debug|Any CPU.ActiveCfg = Debug|Any CPU
		{5B5AC731-5DF2-49D5-BF0A-38DAA44E9878}.Debug|Any CPU.Build.0 = Debug|Any CPU
		{5B5AC731-5DF2-49D5-BF0A-38DAA44E9878}.Release|Any CPU.ActiveCfg = Release|Any CPU
		{5B5AC731-5DF2-49D5-BF0A-38DAA44E9878}.Release|Any CPU.Build.0 = Release|Any CPU
		{10ADB48B-E698-4E8C-BF31-9F5257445B86}.Debug|Any CPU.ActiveCfg = Debug|Any CPU
		{10ADB48B-E698-4E8C-BF31-9F5257445B86}.Debug|Any CPU.Build.0 = Debug|Any CPU
		{10ADB48B-E698-4E8C-BF31-9F5257445B86}.Release|Any CPU.ActiveCfg = Release|Any CPU
		{10ADB48B-E698-4E8C-BF31-9F5257445B86}.Release|Any CPU.Build.0 = Release|Any CPU
		{612D326C-B9E5-4137-B2E2-AC78C3023D43}.Debug|Any CPU.ActiveCfg = Debug|Any CPU
		{612D326C-B9E5-4137-B2E2-AC78C3023D43}.Debug|Any CPU.Build.0 = Debug|Any CPU
		{612D326C-B9E5-4137-B2E2-AC78C3023D43}.Release|Any CPU.ActiveCfg = Release|Any CPU
		{612D326C-B9E5-4137-B2E2-AC78C3023D43}.Release|Any CPU.Build.0 = Release|Any CPU
		{ADB07A7B-54A7-485E-9897-133CB6DC4DC7}.Debug|Any CPU.ActiveCfg = Debug|Any CPU
		{ADB07A7B-54A7-485E-9897-133CB6DC4DC7}.Debug|Any CPU.Build.0 = Debug|Any CPU
		{ADB07A7B-54A7-485E-9897-133CB6DC4DC7}.Release|Any CPU.ActiveCfg = Release|Any CPU
		{ADB07A7B-54A7-485E-9897-133CB6DC4DC7}.Release|Any CPU.Build.0 = Release|Any CPU
		{2AFF21AE-4927-4623-A408-C1A29051FEAE}.Debug|Any CPU.ActiveCfg = Debug|Any CPU
		{2AFF21AE-4927-4623-A408-C1A29051FEAE}.Debug|Any CPU.Build.0 = Debug|Any CPU
		{2AFF21AE-4927-4623-A408-C1A29051FEAE}.Release|Any CPU.ActiveCfg = Release|Any CPU
		{2AFF21AE-4927-4623-A408-C1A29051FEAE}.Release|Any CPU.Build.0 = Release|Any CPU
		{81D79462-500C-4BF2-A279-BF5C4C4DF188}.Debug|Any CPU.ActiveCfg = Debug|Any CPU
		{81D79462-500C-4BF2-A279-BF5C4C4DF188}.Debug|Any CPU.Build.0 = Debug|Any CPU
		{81D79462-500C-4BF2-A279-BF5C4C4DF188}.Release|Any CPU.ActiveCfg = Release|Any CPU
		{81D79462-500C-4BF2-A279-BF5C4C4DF188}.Release|Any CPU.Build.0 = Release|Any CPU
		{EB882704-2D6E-4064-B657-081631A913B4}.Debug|Any CPU.ActiveCfg = Debug|Any CPU
		{EB882704-2D6E-4064-B657-081631A913B4}.Debug|Any CPU.Build.0 = Debug|Any CPU
		{EB882704-2D6E-4064-B657-081631A913B4}.Release|Any CPU.ActiveCfg = Release|Any CPU
		{EB882704-2D6E-4064-B657-081631A913B4}.Release|Any CPU.Build.0 = Release|Any CPU
		{DF66CC3A-4533-46AC-83B4-8843D2BDE67C}.Debug|Any CPU.ActiveCfg = Debug|Any CPU
		{DF66CC3A-4533-46AC-83B4-8843D2BDE67C}.Debug|Any CPU.Build.0 = Debug|Any CPU
		{DF66CC3A-4533-46AC-83B4-8843D2BDE67C}.Release|Any CPU.ActiveCfg = Release|Any CPU
		{DF66CC3A-4533-46AC-83B4-8843D2BDE67C}.Release|Any CPU.Build.0 = Release|Any CPU
		{9E0512CC-11DD-48C2-8905-DD5FA4309F50}.Debug|Any CPU.ActiveCfg = Debug|Any CPU
		{9E0512CC-11DD-48C2-8905-DD5FA4309F50}.Debug|Any CPU.Build.0 = Debug|Any CPU
		{9E0512CC-11DD-48C2-8905-DD5FA4309F50}.Release|Any CPU.ActiveCfg = Release|Any CPU
		{9E0512CC-11DD-48C2-8905-DD5FA4309F50}.Release|Any CPU.Build.0 = Release|Any CPU
		{4E9CB3E3-7EB3-4769-A7B6-06F92AEC8673}.Debug|Any CPU.ActiveCfg = Debug|Any CPU
		{4E9CB3E3-7EB3-4769-A7B6-06F92AEC8673}.Debug|Any CPU.Build.0 = Debug|Any CPU
		{4E9CB3E3-7EB3-4769-A7B6-06F92AEC8673}.Release|Any CPU.ActiveCfg = Release|Any CPU
		{4E9CB3E3-7EB3-4769-A7B6-06F92AEC8673}.Release|Any CPU.Build.0 = Release|Any CPU
		{75A3215B-B6D3-4F88-9CCD-59E2C03C648D}.Debug|Any CPU.ActiveCfg = Debug|Any CPU
		{75A3215B-B6D3-4F88-9CCD-59E2C03C648D}.Debug|Any CPU.Build.0 = Debug|Any CPU
		{75A3215B-B6D3-4F88-9CCD-59E2C03C648D}.Release|Any CPU.ActiveCfg = Release|Any CPU
		{75A3215B-B6D3-4F88-9CCD-59E2C03C648D}.Release|Any CPU.Build.0 = Release|Any CPU
		{49E439D3-089F-42CA-8136-46816FCF154F}.Debug|Any CPU.ActiveCfg = Debug|Any CPU
		{49E439D3-089F-42CA-8136-46816FCF154F}.Debug|Any CPU.Build.0 = Debug|Any CPU
		{49E439D3-089F-42CA-8136-46816FCF154F}.Release|Any CPU.ActiveCfg = Release|Any CPU
		{49E439D3-089F-42CA-8136-46816FCF154F}.Release|Any CPU.Build.0 = Release|Any CPU
		{E6C17E9F-49C1-4A88-9D99-674C8A07AE5E}.Debug|Any CPU.ActiveCfg = Debug|Any CPU
		{E6C17E9F-49C1-4A88-9D99-674C8A07AE5E}.Debug|Any CPU.Build.0 = Debug|Any CPU
		{E6C17E9F-49C1-4A88-9D99-674C8A07AE5E}.Release|Any CPU.ActiveCfg = Release|Any CPU
		{E6C17E9F-49C1-4A88-9D99-674C8A07AE5E}.Release|Any CPU.Build.0 = Release|Any CPU
		{9660114B-3F21-4937-A694-1ACE7B35E2D9}.Debug|Any CPU.ActiveCfg = Debug|Any CPU
		{9660114B-3F21-4937-A694-1ACE7B35E2D9}.Debug|Any CPU.Build.0 = Debug|Any CPU
		{9660114B-3F21-4937-A694-1ACE7B35E2D9}.Release|Any CPU.ActiveCfg = Release|Any CPU
		{9660114B-3F21-4937-A694-1ACE7B35E2D9}.Release|Any CPU.Build.0 = Release|Any CPU
		{ADB37007-E88C-48CD-89A9-D4D22ED72BF5}.Debug|Any CPU.ActiveCfg = Debug|Any CPU
		{ADB37007-E88C-48CD-89A9-D4D22ED72BF5}.Debug|Any CPU.Build.0 = Debug|Any CPU
		{ADB37007-E88C-48CD-89A9-D4D22ED72BF5}.Release|Any CPU.ActiveCfg = Release|Any CPU
		{ADB37007-E88C-48CD-89A9-D4D22ED72BF5}.Release|Any CPU.Build.0 = Release|Any CPU
		{D0F23CB8-01FD-4A47-92B5-8B27BBC41C5D}.Debug|Any CPU.ActiveCfg = Debug|Any CPU
		{D0F23CB8-01FD-4A47-92B5-8B27BBC41C5D}.Debug|Any CPU.Build.0 = Debug|Any CPU
		{D0F23CB8-01FD-4A47-92B5-8B27BBC41C5D}.Release|Any CPU.ActiveCfg = Release|Any CPU
		{D0F23CB8-01FD-4A47-92B5-8B27BBC41C5D}.Release|Any CPU.Build.0 = Release|Any CPU
		{9C297C23-4227-43C8-A95B-947CCDC520DA}.Debug|Any CPU.ActiveCfg = Debug|Any CPU
		{9C297C23-4227-43C8-A95B-947CCDC520DA}.Debug|Any CPU.Build.0 = Debug|Any CPU
		{9C297C23-4227-43C8-A95B-947CCDC520DA}.Release|Any CPU.ActiveCfg = Release|Any CPU
		{9C297C23-4227-43C8-A95B-947CCDC520DA}.Release|Any CPU.Build.0 = Release|Any CPU
		{8697A19E-AFC6-4502-AD44-67538253CC0C}.Debug|Any CPU.ActiveCfg = Debug|Any CPU
		{8697A19E-AFC6-4502-AD44-67538253CC0C}.Debug|Any CPU.Build.0 = Debug|Any CPU
		{8697A19E-AFC6-4502-AD44-67538253CC0C}.Release|Any CPU.ActiveCfg = Release|Any CPU
		{8697A19E-AFC6-4502-AD44-67538253CC0C}.Release|Any CPU.Build.0 = Release|Any CPU
		{A01500F7-22D3-4216-92EC-DEA88BCEE7A9}.Debug|Any CPU.ActiveCfg = Debug|Any CPU
		{A01500F7-22D3-4216-92EC-DEA88BCEE7A9}.Debug|Any CPU.Build.0 = Debug|Any CPU
		{A01500F7-22D3-4216-92EC-DEA88BCEE7A9}.Release|Any CPU.ActiveCfg = Release|Any CPU
		{A01500F7-22D3-4216-92EC-DEA88BCEE7A9}.Release|Any CPU.Build.0 = Release|Any CPU
		{23DE42E0-CDFE-46CC-831E-5D5D4DC8C7A3}.Debug|Any CPU.ActiveCfg = Debug|Any CPU
		{23DE42E0-CDFE-46CC-831E-5D5D4DC8C7A3}.Debug|Any CPU.Build.0 = Debug|Any CPU
		{23DE42E0-CDFE-46CC-831E-5D5D4DC8C7A3}.Release|Any CPU.ActiveCfg = Release|Any CPU
		{23DE42E0-CDFE-46CC-831E-5D5D4DC8C7A3}.Release|Any CPU.Build.0 = Release|Any CPU
		{A02D59A2-0151-4E57-8461-728407DD6F3C}.Debug|Any CPU.ActiveCfg = Debug|Any CPU
		{A02D59A2-0151-4E57-8461-728407DD6F3C}.Debug|Any CPU.Build.0 = Debug|Any CPU
		{A02D59A2-0151-4E57-8461-728407DD6F3C}.Release|Any CPU.ActiveCfg = Release|Any CPU
		{A02D59A2-0151-4E57-8461-728407DD6F3C}.Release|Any CPU.Build.0 = Release|Any CPU
		{AF1AA1D4-EC0D-4BE7-84AF-0D9122709248}.Debug|Any CPU.ActiveCfg = Debug|Any CPU
		{AF1AA1D4-EC0D-4BE7-84AF-0D9122709248}.Debug|Any CPU.Build.0 = Debug|Any CPU
		{AF1AA1D4-EC0D-4BE7-84AF-0D9122709248}.Release|Any CPU.ActiveCfg = Release|Any CPU
		{AF1AA1D4-EC0D-4BE7-84AF-0D9122709248}.Release|Any CPU.Build.0 = Release|Any CPU
		{36B4DA24-0FB7-453A-A35C-1EDD853129AE}.Debug|Any CPU.ActiveCfg = Debug|Any CPU
		{36B4DA24-0FB7-453A-A35C-1EDD853129AE}.Debug|Any CPU.Build.0 = Debug|Any CPU
		{36B4DA24-0FB7-453A-A35C-1EDD853129AE}.Release|Any CPU.ActiveCfg = Release|Any CPU
		{36B4DA24-0FB7-453A-A35C-1EDD853129AE}.Release|Any CPU.Build.0 = Release|Any CPU
		{6D49A943-FB1C-4EF6-8EE3-252B8FDB7E8D}.Debug|Any CPU.ActiveCfg = Debug|Any CPU
		{6D49A943-FB1C-4EF6-8EE3-252B8FDB7E8D}.Debug|Any CPU.Build.0 = Debug|Any CPU
		{6D49A943-FB1C-4EF6-8EE3-252B8FDB7E8D}.Release|Any CPU.ActiveCfg = Release|Any CPU
		{6D49A943-FB1C-4EF6-8EE3-252B8FDB7E8D}.Release|Any CPU.Build.0 = Release|Any CPU
		{D3ECDEE0-8B04-4FCE-9A80-ECDB013316D2}.Debug|Any CPU.ActiveCfg = Debug|Any CPU
		{D3ECDEE0-8B04-4FCE-9A80-ECDB013316D2}.Debug|Any CPU.Build.0 = Debug|Any CPU
		{D3ECDEE0-8B04-4FCE-9A80-ECDB013316D2}.Release|Any CPU.ActiveCfg = Release|Any CPU
		{D3ECDEE0-8B04-4FCE-9A80-ECDB013316D2}.Release|Any CPU.Build.0 = Release|Any CPU
		{F8E6A240-0663-47BA-B9D2-B788DFF1740F}.Debug|Any CPU.ActiveCfg = Debug|Any CPU
		{F8E6A240-0663-47BA-B9D2-B788DFF1740F}.Debug|Any CPU.Build.0 = Debug|Any CPU
		{F8E6A240-0663-47BA-B9D2-B788DFF1740F}.Release|Any CPU.ActiveCfg = Release|Any CPU
		{F8E6A240-0663-47BA-B9D2-B788DFF1740F}.Release|Any CPU.Build.0 = Release|Any CPU
		{20B256D8-7E72-411C-A2E9-CB782B3F896F}.Debug|Any CPU.ActiveCfg = Debug|Any CPU
		{20B256D8-7E72-411C-A2E9-CB782B3F896F}.Debug|Any CPU.Build.0 = Debug|Any CPU
		{20B256D8-7E72-411C-A2E9-CB782B3F896F}.Release|Any CPU.ActiveCfg = Release|Any CPU
		{20B256D8-7E72-411C-A2E9-CB782B3F896F}.Release|Any CPU.Build.0 = Release|Any CPU
		{1EBA2BDE-2F46-4C13-AE25-565600BC2CC1}.Debug|Any CPU.ActiveCfg = Debug|Any CPU
		{1EBA2BDE-2F46-4C13-AE25-565600BC2CC1}.Debug|Any CPU.Build.0 = Debug|Any CPU
		{1EBA2BDE-2F46-4C13-AE25-565600BC2CC1}.Release|Any CPU.ActiveCfg = Release|Any CPU
		{1EBA2BDE-2F46-4C13-AE25-565600BC2CC1}.Release|Any CPU.Build.0 = Release|Any CPU
		{CE13D7C0-09EF-47DE-9D7A-2216706A6300}.Debug|Any CPU.ActiveCfg = Debug|Any CPU
		{CE13D7C0-09EF-47DE-9D7A-2216706A6300}.Debug|Any CPU.Build.0 = Debug|Any CPU
		{CE13D7C0-09EF-47DE-9D7A-2216706A6300}.Release|Any CPU.ActiveCfg = Release|Any CPU
		{CE13D7C0-09EF-47DE-9D7A-2216706A6300}.Release|Any CPU.Build.0 = Release|Any CPU
		{FCEB5BA8-E279-4004-87D3-CD7EFAFA3989}.Debug|Any CPU.ActiveCfg = Debug|Any CPU
		{FCEB5BA8-E279-4004-87D3-CD7EFAFA3989}.Debug|Any CPU.Build.0 = Debug|Any CPU
		{FCEB5BA8-E279-4004-87D3-CD7EFAFA3989}.Release|Any CPU.ActiveCfg = Release|Any CPU
		{FCEB5BA8-E279-4004-87D3-CD7EFAFA3989}.Release|Any CPU.Build.0 = Release|Any CPU
		{BDA952E4-A621-415A-B48E-E0F8C0061A5D}.Debug|Any CPU.ActiveCfg = Debug|Any CPU
		{BDA952E4-A621-415A-B48E-E0F8C0061A5D}.Debug|Any CPU.Build.0 = Debug|Any CPU
		{BDA952E4-A621-415A-B48E-E0F8C0061A5D}.Release|Any CPU.ActiveCfg = Release|Any CPU
		{BDA952E4-A621-415A-B48E-E0F8C0061A5D}.Release|Any CPU.Build.0 = Release|Any CPU
		{0C7E50B5-50BA-47E5-8CE8-A5BA6DBE1C3F}.Debug|Any CPU.ActiveCfg = Debug|Any CPU
		{0C7E50B5-50BA-47E5-8CE8-A5BA6DBE1C3F}.Debug|Any CPU.Build.0 = Debug|Any CPU
		{0C7E50B5-50BA-47E5-8CE8-A5BA6DBE1C3F}.Release|Any CPU.ActiveCfg = Release|Any CPU
		{0C7E50B5-50BA-47E5-8CE8-A5BA6DBE1C3F}.Release|Any CPU.Build.0 = Release|Any CPU
		{26D641EB-9D3A-42A6-9947-2339CC1F650A}.Debug|Any CPU.ActiveCfg = Debug|Any CPU
		{26D641EB-9D3A-42A6-9947-2339CC1F650A}.Debug|Any CPU.Build.0 = Debug|Any CPU
		{26D641EB-9D3A-42A6-9947-2339CC1F650A}.Release|Any CPU.ActiveCfg = Release|Any CPU
		{26D641EB-9D3A-42A6-9947-2339CC1F650A}.Release|Any CPU.Build.0 = Release|Any CPU
	EndGlobalSection
	GlobalSection(SolutionProperties) = preSolution
		HideSolutionNode = FALSE
	EndGlobalSection
	GlobalSection(NestedProjects) = preSolution
		{71D9173B-3D20-4151-9E85-4615D6801C9C} = {1B385546-333A-45E8-AD99-802AE560ACD9}
		{28F11A4F-257F-4CB8-947D-79B8E064F8BE} = {C2492805-B8C1-4D34-86EC-D6055C0B3366}
		{552BF9F5-1D24-4A88-A776-58A4231E0F0E} = {C2492805-B8C1-4D34-86EC-D6055C0B3366}
		{51918FC2-87E7-4794-864B-6F8DF68071E1} = {969A60CF-A9F4-4BF1-BE11-5E5890141C83}
		{5B5AC731-5DF2-49D5-BF0A-38DAA44E9878} = {969A60CF-A9F4-4BF1-BE11-5E5890141C83}
		{10ADB48B-E698-4E8C-BF31-9F5257445B86} = {969A60CF-A9F4-4BF1-BE11-5E5890141C83}
		{612D326C-B9E5-4137-B2E2-AC78C3023D43} = {969A60CF-A9F4-4BF1-BE11-5E5890141C83}
		{ADB07A7B-54A7-485E-9897-133CB6DC4DC7} = {C2492805-B8C1-4D34-86EC-D6055C0B3366}
		{2AFF21AE-4927-4623-A408-C1A29051FEAE} = {1B385546-333A-45E8-AD99-802AE560ACD9}
		{81D79462-500C-4BF2-A279-BF5C4C4DF188} = {1B385546-333A-45E8-AD99-802AE560ACD9}
		{EB882704-2D6E-4064-B657-081631A913B4} = {1B385546-333A-45E8-AD99-802AE560ACD9}
		{DF66CC3A-4533-46AC-83B4-8843D2BDE67C} = {1B385546-333A-45E8-AD99-802AE560ACD9}
		{9E0512CC-11DD-48C2-8905-DD5FA4309F50} = {1B385546-333A-45E8-AD99-802AE560ACD9}
		{4E9CB3E3-7EB3-4769-A7B6-06F92AEC8673} = {1B385546-333A-45E8-AD99-802AE560ACD9}
		{75A3215B-B6D3-4F88-9CCD-59E2C03C648D} = {1B385546-333A-45E8-AD99-802AE560ACD9}
		{49E439D3-089F-42CA-8136-46816FCF154F} = {1B385546-333A-45E8-AD99-802AE560ACD9}
		{E6C17E9F-49C1-4A88-9D99-674C8A07AE5E} = {1B385546-333A-45E8-AD99-802AE560ACD9}
		{9660114B-3F21-4937-A694-1ACE7B35E2D9} = {1B385546-333A-45E8-AD99-802AE560ACD9}
		{ADB37007-E88C-48CD-89A9-D4D22ED72BF5} = {1B385546-333A-45E8-AD99-802AE560ACD9}
		{D0F23CB8-01FD-4A47-92B5-8B27BBC41C5D} = {1B385546-333A-45E8-AD99-802AE560ACD9}
		{9C297C23-4227-43C8-A95B-947CCDC520DA} = {1B385546-333A-45E8-AD99-802AE560ACD9}
		{8697A19E-AFC6-4502-AD44-67538253CC0C} = {1B385546-333A-45E8-AD99-802AE560ACD9}
		{A01500F7-22D3-4216-92EC-DEA88BCEE7A9} = {1B385546-333A-45E8-AD99-802AE560ACD9}
		{23DE42E0-CDFE-46CC-831E-5D5D4DC8C7A3} = {1B385546-333A-45E8-AD99-802AE560ACD9}
		{A02D59A2-0151-4E57-8461-728407DD6F3C} = {1B385546-333A-45E8-AD99-802AE560ACD9}
		{AF1AA1D4-EC0D-4BE7-84AF-0D9122709248} = {1B385546-333A-45E8-AD99-802AE560ACD9}
		{36B4DA24-0FB7-453A-A35C-1EDD853129AE} = {1B385546-333A-45E8-AD99-802AE560ACD9}
		{6D49A943-FB1C-4EF6-8EE3-252B8FDB7E8D} = {1B385546-333A-45E8-AD99-802AE560ACD9}
		{D3ECDEE0-8B04-4FCE-9A80-ECDB013316D2} = {1B385546-333A-45E8-AD99-802AE560ACD9}
		{F8E6A240-0663-47BA-B9D2-B788DFF1740F} = {469AF820-9078-4A72-A29A-74041CC424B8}
		{20B256D8-7E72-411C-A2E9-CB782B3F896F} = {469AF820-9078-4A72-A29A-74041CC424B8}
		{1EBA2BDE-2F46-4C13-AE25-565600BC2CC1} = {469AF820-9078-4A72-A29A-74041CC424B8}
		{CE13D7C0-09EF-47DE-9D7A-2216706A6300} = {469AF820-9078-4A72-A29A-74041CC424B8}
		{FCEB5BA8-E279-4004-87D3-CD7EFAFA3989} = {B746B040-C215-4D4F-BDC9-C302182AF842}
		{BDA952E4-A621-415A-B48E-E0F8C0061A5D} = {B746B040-C215-4D4F-BDC9-C302182AF842}
		{0C7E50B5-50BA-47E5-8CE8-A5BA6DBE1C3F} = {B746B040-C215-4D4F-BDC9-C302182AF842}
		{26D641EB-9D3A-42A6-9947-2339CC1F650A} = {B746B040-C215-4D4F-BDC9-C302182AF842}
	EndGlobalSection
	GlobalSection(ExtensibilityGlobals) = postSolution
		SolutionGuid = {735A985B-874A-49FC-B5FF-EB9EA6179C64}
	EndGlobalSection
	GlobalSection(TeamFoundationVersionControl) = preSolution
		SccNumberOfProjects = 38
		SccEnterpriseProvider = {4CA58AB2-18FA-4F8D-95D4-32DDF27D184C}
		SccTeamFoundationServer = https://nasraldin.visualstudio.com/
		SccLocalPath0 = .
		SccProjectUniqueName1 = CodeZero\\CodeZero.csproj
		SccProjectTopLevelParentUniqueName1 = CodeZero.sln
		SccProjectName1 = CodeZero
		SccLocalPath1 = CodeZero
		SccProjectUniqueName2 = CodeZero.Identity.Common\\CodeZero.Identity.Common.csproj
		SccProjectTopLevelParentUniqueName2 = CodeZero.sln
		SccProjectName2 = CodeZero.Identity.Common
		SccLocalPath2 = CodeZero.Identity.Common
		SccProjectUniqueName3 = CodeZero.Identity.Ldap\\CodeZero.Identity.Ldap.csproj
		SccProjectTopLevelParentUniqueName3 = CodeZero.sln
		SccProjectName3 = CodeZero.Identity.Ldap
		SccLocalPath3 = CodeZero.Identity.Ldap
		SccProjectUniqueName4 = CodeZero.EntityFramework.Common\\CodeZero.EntityFramework.Common.csproj
		SccProjectTopLevelParentUniqueName4 = CodeZero.sln
		SccProjectName4 = CodeZero.EntityFramework.Common
		SccLocalPath4 = CodeZero.EntityFramework.Common
		SccProjectUniqueName5 = CodeZero.EntityFramework\\CodeZero.EntityFramework.csproj
		SccProjectTopLevelParentUniqueName5 = CodeZero.sln
		SccProjectName5 = CodeZero.EntityFramework
		SccLocalPath5 = CodeZero.EntityFramework
		SccProjectUniqueName6 = CodeZero.EntityFramework.GraphDiff\\CodeZero.EntityFramework.GraphDiff.csproj
		SccProjectTopLevelParentUniqueName6 = CodeZero.sln
		SccProjectName6 = CodeZero.EntityFramework.GraphDiff
		SccLocalPath6 = CodeZero.EntityFramework.GraphDiff
		SccProjectUniqueName7 = CodeZero.EntityFrameworkCore\\CodeZero.EntityFrameworkCore.csproj
		SccProjectTopLevelParentUniqueName7 = CodeZero.sln
		SccProjectName7 = CodeZero.EntityFrameworkCore
		SccLocalPath7 = CodeZero.EntityFrameworkCore
		SccProjectUniqueName8 = CodeZero.Web.Common\\CodeZero.Web.Common.csproj
		SccProjectTopLevelParentUniqueName8 = CodeZero.sln
		SccProjectName8 = CodeZero.Web.Common
		SccLocalPath8 = CodeZero.Web.Common
		SccProjectUniqueName9 = CodeZero.AspNetCore\\CodeZero.AspNetCore.csproj
		SccProjectTopLevelParentUniqueName9 = CodeZero.sln
		SccProjectName9 = CodeZero.AspNetCore
		SccLocalPath9 = CodeZero.AspNetCore
		SccProjectUniqueName10 = CodeZero.AspNetCore.OData\\CodeZero.AspNetCore.OData.csproj
		SccProjectTopLevelParentUniqueName10 = CodeZero.sln
		SccProjectName10 = CodeZero.AspNetCore.OData
		SccLocalPath10 = CodeZero.AspNetCore.OData
		SccProjectUniqueName11 = CodeZero.AspNetCore.SignalR\\CodeZero.AspNetCore.SignalR.csproj
		SccProjectTopLevelParentUniqueName11 = CodeZero.sln
		SccProjectName11 = CodeZero.AspNetCore.SignalR
		SccLocalPath11 = CodeZero.AspNetCore.SignalR
		SccProjectUniqueName12 = CodeZero.AutoMapper\\CodeZero.AutoMapper.csproj
		SccProjectTopLevelParentUniqueName12 = CodeZero.sln
		SccProjectName12 = CodeZero.AutoMapper
		SccLocalPath12 = CodeZero.AutoMapper
		SccProjectUniqueName13 = CodeZero.Castle.Log4Net\\CodeZero.Castle.Log4Net.csproj
		SccProjectTopLevelParentUniqueName13 = CodeZero.sln
		SccProjectName13 = CodeZero.Castle.Log4Net
		SccLocalPath13 = CodeZero.Castle.Log4Net
		SccProjectUniqueName14 = CodeZero.Castle.NLog\\CodeZero.Castle.NLog.csproj
		SccProjectTopLevelParentUniqueName14 = CodeZero.sln
		SccProjectName14 = CodeZero.Castle.NLog
		SccLocalPath14 = CodeZero.Castle.NLog
		SccProjectUniqueName15 = CodeZero.FluentMigrator\\CodeZero.FluentMigrator.csproj
		SccProjectTopLevelParentUniqueName15 = CodeZero.sln
		SccProjectName15 = CodeZero.FluentMigrator
		SccLocalPath15 = CodeZero.FluentMigrator
		SccProjectUniqueName16 = CodeZero.HangFire\\CodeZero.HangFire.csproj
		SccProjectTopLevelParentUniqueName16 = CodeZero.sln
		SccProjectName16 = CodeZero.HangFire
		SccLocalPath16 = CodeZero.HangFire
		SccProjectUniqueName17 = CodeZero.HangFire.AspNetCore\\CodeZero.HangFire.AspNetCore.csproj
		SccProjectTopLevelParentUniqueName17 = CodeZero.sln
		SccProjectName17 = CodeZero.HangFire.AspNetCore
		SccLocalPath17 = CodeZero.HangFire.AspNetCore
		SccProjectUniqueName18 = CodeZero.MailKit\\CodeZero.MailKit.csproj
		SccProjectTopLevelParentUniqueName18 = CodeZero.sln
		SccProjectName18 = CodeZero.MailKit
		SccLocalPath18 = CodeZero.MailKit
		SccProjectUniqueName19 = CodeZero.MemoryDb\\CodeZero.MemoryDb.csproj
		SccProjectTopLevelParentUniqueName19 = CodeZero.sln
		SccProjectName19 = CodeZero.MemoryDb
		SccLocalPath19 = CodeZero.MemoryDb
		SccProjectUniqueName20 = CodeZero.RedisCache\\CodeZero.RedisCache.csproj
		SccProjectTopLevelParentUniqueName20 = CodeZero.sln
		SccProjectName20 = CodeZero.RedisCache
		SccLocalPath20 = CodeZero.RedisCache
		SccProjectUniqueName21 = CodeZero.RedisCache.ProtoBuf\\CodeZero.RedisCache.ProtoBuf.csproj
		SccProjectTopLevelParentUniqueName21 = CodeZero.sln
		SccProjectName21 = CodeZero.RedisCache.ProtoBuf
		SccLocalPath21 = CodeZero.RedisCache.ProtoBuf
		SccProjectUniqueName22 = CodeZero.Owin\\CodeZero.Owin.csproj
		SccProjectTopLevelParentUniqueName22 = CodeZero.sln
		SccProjectName22 = CodeZero.Owin
		SccLocalPath22 = CodeZero.Owin
		SccProjectUniqueName23 = CodeZero.Quartz\\CodeZero.Quartz.csproj
		SccProjectTopLevelParentUniqueName23 = CodeZero.sln
		SccProjectName23 = CodeZero.Quartz
		SccLocalPath23 = CodeZero.Quartz
		SccProjectUniqueName24 = CodeZero.Web\\CodeZero.Web.csproj
		SccProjectTopLevelParentUniqueName24 = CodeZero.sln
		SccProjectName24 = CodeZero.Web
		SccLocalPath24 = CodeZero.Web
		SccProjectUniqueName25 = CodeZero.Web.Mvc\\CodeZero.Web.Mvc.csproj
		SccProjectTopLevelParentUniqueName25 = CodeZero.sln
		SccProjectName25 = CodeZero.Web.Mvc
		SccLocalPath25 = CodeZero.Web.Mvc
		SccProjectUniqueName26 = CodeZero.Web.Api\\CodeZero.Web.Api.csproj
		SccProjectTopLevelParentUniqueName26 = CodeZero.sln
		SccProjectName26 = CodeZero.Web.Api
		SccLocalPath26 = CodeZero.Web.Api
		SccProjectUniqueName27 = CodeZero.Web.Api.OData\\CodeZero.Web.Api.OData.csproj
		SccProjectTopLevelParentUniqueName27 = CodeZero.sln
		SccProjectName27 = CodeZero.Web.Api.OData
		SccLocalPath27 = CodeZero.Web.Api.OData
		SccProjectUniqueName28 = CodeZero.Web.Resources\\CodeZero.Web.Resources.csproj
		SccProjectTopLevelParentUniqueName28 = CodeZero.sln
		SccProjectName28 = CodeZero.Web.Resources
		SccLocalPath28 = CodeZero.Web.Resources
		SccProjectUniqueName29 = CodeZero.Web.SignalR\\CodeZero.Web.SignalR.csproj
		SccProjectTopLevelParentUniqueName29 = CodeZero.sln
		SccProjectName29 = CodeZero.Web.SignalR
		SccLocalPath29 = CodeZero.Web.SignalR
		SccProjectUniqueName30 = CodeZero.Identity\\CodeZero.Identity.csproj
		SccProjectTopLevelParentUniqueName30 = CodeZero.sln
		SccProjectName30 = CodeZero.Identity
		SccLocalPath30 = CodeZero.Identity
		SccProjectUniqueName31 = CodeZero.Identity.Owin\\CodeZero.Identity.Owin.csproj
		SccProjectTopLevelParentUniqueName31 = CodeZero.sln
		SccProjectName31 = CodeZero.Identity.Owin
		SccLocalPath31 = CodeZero.Identity.Owin
		SccProjectUniqueName32 = CodeZero.Identity.AspNetCore\\CodeZero.Identity.AspNetCore.csproj
		SccProjectTopLevelParentUniqueName32 = CodeZero.sln
		SccProjectName32 = CodeZero.Identity.AspNetCore
		SccLocalPath32 = CodeZero.Identity.AspNetCore
		SccProjectUniqueName33 = CodeZero.Identity.EntityFramework\\CodeZero.Identity.EntityFramework.csproj
		SccProjectTopLevelParentUniqueName33 = CodeZero.sln
		SccProjectName33 = CodeZero.Identity.EntityFramework
		SccLocalPath33 = CodeZero.Identity.EntityFramework
		SccProjectUniqueName34 = CodeZero.IdentityCore\\CodeZero.IdentityCore.csproj
		SccProjectTopLevelParentUniqueName34 = CodeZero.sln
		SccProjectName34 = CodeZero.IdentityCore
		SccLocalPath34 = CodeZero.IdentityCore
		SccProjectUniqueName35 = CodeZero.IdentityCore.EntityFrameworkCore\\CodeZero.IdentityCore.EntityFrameworkCore.csproj
		SccProjectTopLevelParentUniqueName35 = CodeZero.sln
		SccProjectName35 = CodeZero.IdentityCore.EntityFrameworkCore
		SccLocalPath35 = CodeZero.IdentityCore.EntityFrameworkCore
		SccProjectUniqueName36 = CodeZero.IdentityCore.IdentityServer4\\CodeZero.IdentityCore.IdentityServer4.csproj
		SccProjectTopLevelParentUniqueName36 = CodeZero.sln
		SccProjectName36 = CodeZero.IdentityCore.IdentityServer4
		SccLocalPath36 = CodeZero.IdentityCore.IdentityServer4
		SccProjectUniqueName37 = CodeZero.IdentityCore.IdentityServer4.EFCore\\CodeZero.IdentityCore.IdentityServer4.EFCore.csproj
		SccProjectTopLevelParentUniqueName37 = CodeZero.sln
		SccProjectName37 = CodeZero.IdentityCore.IdentityServer4.EFCore
		SccLocalPath37 = CodeZero.IdentityCore.IdentityServer4.EFCore
	EndGlobalSection
EndGlobal
