
Microsoft Visual Studio Solution File, Format Version 12.00
# Visual Studio Version 17
VisualStudioVersion = 17.3.32708.82
MinimumVisualStudioVersion = 10.0.40219.1
Project("{2150E333-8FDC-42A3-9474-1A3956D46DE8}") = "src", "src", "{F9903ADC-A688-499D-8D31-7DD2CF63197B}"
EndProject
Project("{2150E333-8FDC-42A3-9474-1A3956D46DE8}") = "tests", "tests", "{EC991C5F-D485-434E-AC7F-07C1BA67ECA0}"
EndProject
Project("{9A19103F-16F7-4668-BE54-9A1E7A4F7556}") = "WebAPI", "tests\WebAPI\WebAPI.csproj", "{C658A632-E127-4F5F-B80D-D003173A97AD}"
EndProject
Project("{9A19103F-16F7-4668-BE54-9A1E7A4F7556}") = "CodeZero", "src\CodeZero\CodeZero.csproj", "{F176D186-4C4E-4F3E-AF96-17CEE355B5AF}"
EndProject
Project("{9A19103F-16F7-4668-BE54-9A1E7A4F7556}") = "CodeZero.Builder", "src\CodeZero.Builder\CodeZero.Builder.csproj", "{85888CC2-4030-4DD6-9CAD-79D2DA7B1210}"
EndProject
Project("{9A19103F-16F7-4668-BE54-9A1E7A4F7556}") = "CodeZero.Check", "src\CodeZero.Check\CodeZero.Check.csproj", "{5CDEA849-69D3-4C7E-89E2-EF79EE143EA5}"
EndProject
Project("{9A19103F-16F7-4668-BE54-9A1E7A4F7556}") = "CodeZero.Configuration", "src\CodeZero.Configuration\CodeZero.Configuration.csproj", "{71CFADB6-0744-4CC0-9C0C-0677F68F8B1A}"
EndProject
Project("{9A19103F-16F7-4668-BE54-9A1E7A4F7556}") = "CodeZero.Domain", "src\CodeZero.Domain\CodeZero.Domain.csproj", "{8E4E58B4-4856-4786-985F-1F4C7D7A36E6}"
EndProject
Project("{9A19103F-16F7-4668-BE54-9A1E7A4F7556}") = "CodeZero.ServiceInstaller", "src\CodeZero.ServiceInstaller\CodeZero.ServiceInstaller.csproj", "{99A652FC-E43F-42DC-8128-6289BAD7B665}"
EndProject
Project("{2150E333-8FDC-42A3-9474-1A3956D46DE8}") = "Solution Items", "Solution Items", "{3E837FC3-4951-4D1B-9D6C-85524A710FF8}"
	ProjectSection(SolutionItems) = preProject
		.editorconfig = .editorconfig
		Common.props = Common.props
		Directory.Build.props = Directory.Build.props
	EndProjectSection
EndProject
Project("{9A19103F-16F7-4668-BE54-9A1E7A4F7556}") = "CodeZero.StringExtensions", "src\CodeZero.StringExtensions\CodeZero.StringExtensions.csproj", "{BEE36CB7-331A-42D9-9548-3265FBC12A56}"
EndProject
Project("{9A19103F-16F7-4668-BE54-9A1E7A4F7556}") = "CodeZero.Shared", "src\CodeZero.Shared\CodeZero.Shared.csproj", "{BF28642F-CF0D-4C9C-B3F2-C07CB27AAA56}"
EndProject
Project("{9A19103F-16F7-4668-BE54-9A1E7A4F7556}") = "CodeZero.Shared.Constants", "src\CodeZero.Shared.Constants\CodeZero.Shared.Constants.csproj", "{8A21F5E0-0494-4EB1-A5C6-8DFBBB279D81}"
EndProject
Global
	GlobalSection(SolutionConfigurationPlatforms) = preSolution
		Debug|Any CPU = Debug|Any CPU
		Debug|ARM64 = Debug|ARM64
		Release|Any CPU = Release|Any CPU
		Release|ARM64 = Release|ARM64
	EndGlobalSection
	GlobalSection(ProjectConfigurationPlatforms) = postSolution
		{C658A632-E127-4F5F-B80D-D003173A97AD}.Debug|Any CPU.ActiveCfg = Debug|Any CPU
		{C658A632-E127-4F5F-B80D-D003173A97AD}.Debug|Any CPU.Build.0 = Debug|Any CPU
		{C658A632-E127-4F5F-B80D-D003173A97AD}.Debug|ARM64.ActiveCfg = Debug|ARM64
		{C658A632-E127-4F5F-B80D-D003173A97AD}.Debug|ARM64.Build.0 = Debug|ARM64
		{C658A632-E127-4F5F-B80D-D003173A97AD}.Release|Any CPU.ActiveCfg = Release|Any CPU
		{C658A632-E127-4F5F-B80D-D003173A97AD}.Release|Any CPU.Build.0 = Release|Any CPU
		{C658A632-E127-4F5F-B80D-D003173A97AD}.Release|ARM64.ActiveCfg = Release|ARM64
		{C658A632-E127-4F5F-B80D-D003173A97AD}.Release|ARM64.Build.0 = Release|ARM64
		{F176D186-4C4E-4F3E-AF96-17CEE355B5AF}.Debug|Any CPU.ActiveCfg = Debug|Any CPU
		{F176D186-4C4E-4F3E-AF96-17CEE355B5AF}.Debug|Any CPU.Build.0 = Debug|Any CPU
		{F176D186-4C4E-4F3E-AF96-17CEE355B5AF}.Debug|ARM64.ActiveCfg = Debug|ARM64
		{F176D186-4C4E-4F3E-AF96-17CEE355B5AF}.Debug|ARM64.Build.0 = Debug|ARM64
		{F176D186-4C4E-4F3E-AF96-17CEE355B5AF}.Release|Any CPU.ActiveCfg = Release|Any CPU
		{F176D186-4C4E-4F3E-AF96-17CEE355B5AF}.Release|Any CPU.Build.0 = Release|Any CPU
		{F176D186-4C4E-4F3E-AF96-17CEE355B5AF}.Release|ARM64.ActiveCfg = Release|ARM64
		{F176D186-4C4E-4F3E-AF96-17CEE355B5AF}.Release|ARM64.Build.0 = Release|ARM64
		{85888CC2-4030-4DD6-9CAD-79D2DA7B1210}.Debug|Any CPU.ActiveCfg = Debug|Any CPU
		{85888CC2-4030-4DD6-9CAD-79D2DA7B1210}.Debug|Any CPU.Build.0 = Debug|Any CPU
		{85888CC2-4030-4DD6-9CAD-79D2DA7B1210}.Debug|ARM64.ActiveCfg = Debug|ARM64
		{85888CC2-4030-4DD6-9CAD-79D2DA7B1210}.Debug|ARM64.Build.0 = Debug|ARM64
		{85888CC2-4030-4DD6-9CAD-79D2DA7B1210}.Release|Any CPU.ActiveCfg = Release|Any CPU
		{85888CC2-4030-4DD6-9CAD-79D2DA7B1210}.Release|Any CPU.Build.0 = Release|Any CPU
		{85888CC2-4030-4DD6-9CAD-79D2DA7B1210}.Release|ARM64.ActiveCfg = Release|ARM64
		{85888CC2-4030-4DD6-9CAD-79D2DA7B1210}.Release|ARM64.Build.0 = Release|ARM64
		{5CDEA849-69D3-4C7E-89E2-EF79EE143EA5}.Debug|Any CPU.ActiveCfg = Debug|Any CPU
		{5CDEA849-69D3-4C7E-89E2-EF79EE143EA5}.Debug|Any CPU.Build.0 = Debug|Any CPU
		{5CDEA849-69D3-4C7E-89E2-EF79EE143EA5}.Debug|ARM64.ActiveCfg = Debug|ARM64
		{5CDEA849-69D3-4C7E-89E2-EF79EE143EA5}.Debug|ARM64.Build.0 = Debug|ARM64
		{5CDEA849-69D3-4C7E-89E2-EF79EE143EA5}.Release|Any CPU.ActiveCfg = Release|Any CPU
		{5CDEA849-69D3-4C7E-89E2-EF79EE143EA5}.Release|Any CPU.Build.0 = Release|Any CPU
		{5CDEA849-69D3-4C7E-89E2-EF79EE143EA5}.Release|ARM64.ActiveCfg = Release|ARM64
		{5CDEA849-69D3-4C7E-89E2-EF79EE143EA5}.Release|ARM64.Build.0 = Release|ARM64
		{71CFADB6-0744-4CC0-9C0C-0677F68F8B1A}.Debug|Any CPU.ActiveCfg = Debug|Any CPU
		{71CFADB6-0744-4CC0-9C0C-0677F68F8B1A}.Debug|Any CPU.Build.0 = Debug|Any CPU
		{71CFADB6-0744-4CC0-9C0C-0677F68F8B1A}.Debug|ARM64.ActiveCfg = Debug|ARM64
		{71CFADB6-0744-4CC0-9C0C-0677F68F8B1A}.Debug|ARM64.Build.0 = Debug|ARM64
		{71CFADB6-0744-4CC0-9C0C-0677F68F8B1A}.Release|Any CPU.ActiveCfg = Release|Any CPU
		{71CFADB6-0744-4CC0-9C0C-0677F68F8B1A}.Release|Any CPU.Build.0 = Release|Any CPU
		{71CFADB6-0744-4CC0-9C0C-0677F68F8B1A}.Release|ARM64.ActiveCfg = Release|ARM64
		{71CFADB6-0744-4CC0-9C0C-0677F68F8B1A}.Release|ARM64.Build.0 = Release|ARM64
		{8E4E58B4-4856-4786-985F-1F4C7D7A36E6}.Debug|Any CPU.ActiveCfg = Debug|Any CPU
		{8E4E58B4-4856-4786-985F-1F4C7D7A36E6}.Debug|Any CPU.Build.0 = Debug|Any CPU
		{8E4E58B4-4856-4786-985F-1F4C7D7A36E6}.Debug|ARM64.ActiveCfg = Debug|ARM64
		{8E4E58B4-4856-4786-985F-1F4C7D7A36E6}.Debug|ARM64.Build.0 = Debug|ARM64
		{8E4E58B4-4856-4786-985F-1F4C7D7A36E6}.Release|Any CPU.ActiveCfg = Release|Any CPU
		{8E4E58B4-4856-4786-985F-1F4C7D7A36E6}.Release|Any CPU.Build.0 = Release|Any CPU
		{8E4E58B4-4856-4786-985F-1F4C7D7A36E6}.Release|ARM64.ActiveCfg = Release|ARM64
		{8E4E58B4-4856-4786-985F-1F4C7D7A36E6}.Release|ARM64.Build.0 = Release|ARM64
		{99A652FC-E43F-42DC-8128-6289BAD7B665}.Debug|Any CPU.ActiveCfg = Debug|Any CPU
		{99A652FC-E43F-42DC-8128-6289BAD7B665}.Debug|Any CPU.Build.0 = Debug|Any CPU
		{99A652FC-E43F-42DC-8128-6289BAD7B665}.Debug|ARM64.ActiveCfg = Debug|ARM64
		{99A652FC-E43F-42DC-8128-6289BAD7B665}.Debug|ARM64.Build.0 = Debug|ARM64
		{99A652FC-E43F-42DC-8128-6289BAD7B665}.Release|Any CPU.ActiveCfg = Release|Any CPU
		{99A652FC-E43F-42DC-8128-6289BAD7B665}.Release|Any CPU.Build.0 = Release|Any CPU
		{99A652FC-E43F-42DC-8128-6289BAD7B665}.Release|ARM64.ActiveCfg = Release|ARM64
		{99A652FC-E43F-42DC-8128-6289BAD7B665}.Release|ARM64.Build.0 = Release|ARM64
		{BEE36CB7-331A-42D9-9548-3265FBC12A56}.Debug|Any CPU.ActiveCfg = Debug|Any CPU
		{BEE36CB7-331A-42D9-9548-3265FBC12A56}.Debug|Any CPU.Build.0 = Debug|Any CPU
		{BEE36CB7-331A-42D9-9548-3265FBC12A56}.Debug|ARM64.ActiveCfg = Debug|ARM64
		{BEE36CB7-331A-42D9-9548-3265FBC12A56}.Debug|ARM64.Build.0 = Debug|ARM64
		{BEE36CB7-331A-42D9-9548-3265FBC12A56}.Release|Any CPU.ActiveCfg = Release|Any CPU
		{BEE36CB7-331A-42D9-9548-3265FBC12A56}.Release|Any CPU.Build.0 = Release|Any CPU
		{BEE36CB7-331A-42D9-9548-3265FBC12A56}.Release|ARM64.ActiveCfg = Release|ARM64
		{BEE36CB7-331A-42D9-9548-3265FBC12A56}.Release|ARM64.Build.0 = Release|ARM64
		{BF28642F-CF0D-4C9C-B3F2-C07CB27AAA56}.Debug|Any CPU.ActiveCfg = Debug|Any CPU
		{BF28642F-CF0D-4C9C-B3F2-C07CB27AAA56}.Debug|Any CPU.Build.0 = Debug|Any CPU
		{BF28642F-CF0D-4C9C-B3F2-C07CB27AAA56}.Debug|ARM64.ActiveCfg = Debug|ARM64
		{BF28642F-CF0D-4C9C-B3F2-C07CB27AAA56}.Debug|ARM64.Build.0 = Debug|ARM64
		{BF28642F-CF0D-4C9C-B3F2-C07CB27AAA56}.Release|Any CPU.ActiveCfg = Release|Any CPU
		{BF28642F-CF0D-4C9C-B3F2-C07CB27AAA56}.Release|Any CPU.Build.0 = Release|Any CPU
		{BF28642F-CF0D-4C9C-B3F2-C07CB27AAA56}.Release|ARM64.ActiveCfg = Release|ARM64
		{BF28642F-CF0D-4C9C-B3F2-C07CB27AAA56}.Release|ARM64.Build.0 = Release|ARM64
		{8A21F5E0-0494-4EB1-A5C6-8DFBBB279D81}.Debug|Any CPU.ActiveCfg = Debug|Any CPU
		{8A21F5E0-0494-4EB1-A5C6-8DFBBB279D81}.Debug|Any CPU.Build.0 = Debug|Any CPU
		{8A21F5E0-0494-4EB1-A5C6-8DFBBB279D81}.Debug|ARM64.ActiveCfg = Debug|ARM64
		{8A21F5E0-0494-4EB1-A5C6-8DFBBB279D81}.Debug|ARM64.Build.0 = Debug|ARM64
		{8A21F5E0-0494-4EB1-A5C6-8DFBBB279D81}.Release|Any CPU.ActiveCfg = Release|Any CPU
		{8A21F5E0-0494-4EB1-A5C6-8DFBBB279D81}.Release|Any CPU.Build.0 = Release|Any CPU
		{8A21F5E0-0494-4EB1-A5C6-8DFBBB279D81}.Release|ARM64.ActiveCfg = Release|ARM64
		{8A21F5E0-0494-4EB1-A5C6-8DFBBB279D81}.Release|ARM64.Build.0 = Release|ARM64
	EndGlobalSection
	GlobalSection(SolutionProperties) = preSolution
		HideSolutionNode = FALSE
	EndGlobalSection
	GlobalSection(NestedProjects) = preSolution
		{C658A632-E127-4F5F-B80D-D003173A97AD} = {EC991C5F-D485-434E-AC7F-07C1BA67ECA0}
		{F176D186-4C4E-4F3E-AF96-17CEE355B5AF} = {F9903ADC-A688-499D-8D31-7DD2CF63197B}
		{85888CC2-4030-4DD6-9CAD-79D2DA7B1210} = {F9903ADC-A688-499D-8D31-7DD2CF63197B}
		{5CDEA849-69D3-4C7E-89E2-EF79EE143EA5} = {F9903ADC-A688-499D-8D31-7DD2CF63197B}
		{71CFADB6-0744-4CC0-9C0C-0677F68F8B1A} = {F9903ADC-A688-499D-8D31-7DD2CF63197B}
		{8E4E58B4-4856-4786-985F-1F4C7D7A36E6} = {F9903ADC-A688-499D-8D31-7DD2CF63197B}
		{99A652FC-E43F-42DC-8128-6289BAD7B665} = {F9903ADC-A688-499D-8D31-7DD2CF63197B}
		{BEE36CB7-331A-42D9-9548-3265FBC12A56} = {F9903ADC-A688-499D-8D31-7DD2CF63197B}
		{BF28642F-CF0D-4C9C-B3F2-C07CB27AAA56} = {F9903ADC-A688-499D-8D31-7DD2CF63197B}
		{8A21F5E0-0494-4EB1-A5C6-8DFBBB279D81} = {F9903ADC-A688-499D-8D31-7DD2CF63197B}
	EndGlobalSection
	GlobalSection(ExtensibilityGlobals) = postSolution
		SolutionGuid = {56EFEAF8-9F1C-4574-BC10-3ADBD64E683C}
	EndGlobalSection
EndGlobal
